<?xml version="1.0" encoding="utf-8"?>
<Project ToolsVersion="4.0" xmlns="http://schemas.microsoft.com/developer/msbuild/2003">
  <ItemGroup>
    <ClCompile Include="Application.cpp">
      <Filter>Core</Filter>
    </ClCompile>
    <ClCompile Include="Globals.cpp">
      <Filter>Core</Filter>
    </ClCompile>
    <ClCompile Include="Main.cpp">
      <Filter>Core</Filter>
    </ClCompile>
    <ClCompile Include="ModuleAudio.cpp">
      <Filter>Modules</Filter>
    </ClCompile>
    <ClCompile Include="ModuleFadeToBlack.cpp">
      <Filter>Modules</Filter>
    </ClCompile>
    <ClCompile Include="ModuleInput.cpp">
      <Filter>Modules</Filter>
    </ClCompile>
    <ClCompile Include="ModulePlayer.cpp">
      <Filter>Modules</Filter>
    </ClCompile>
    <ClCompile Include="ModuleRender.cpp">
      <Filter>Modules</Filter>
    </ClCompile>
    <ClCompile Include="ModuleTextures.cpp">
      <Filter>Modules</Filter>
    </ClCompile>
    <ClCompile Include="ModuleWindow.cpp">
      <Filter>Modules</Filter>
    </ClCompile>
    <ClCompile Include="ModuleLevel_1.cpp">
      <Filter>Modules\Scenes</Filter>
    </ClCompile>
    <ClCompile Include="ModuleLevel_2.cpp">
      <Filter>Modules\Scenes</Filter>
    </ClCompile>
    <ClCompile Include="ModuleIntro.cpp">
      <Filter>Modules\Scenes</Filter>
    </ClCompile>
    <ClCompile Include="ModuleParticles.cpp">
      <Filter>Modules</Filter>
    </ClCompile>
    <ClCompile Include="ModuleCollider.cpp">
      <Filter>Modules</Filter>
    </ClCompile>
    <ClCompile Include="Enemy.cpp">
      <Filter>Modules\Enemies</Filter>
    </ClCompile>
    <ClCompile Include="ModuleEnemies.cpp">
      <Filter>Modules\Enemies</Filter>
    </ClCompile>
    <ClCompile Include="Enemy_Solider_Green.cpp">
      <Filter>Modules\Enemies</Filter>
    </ClCompile>
    <ClCompile Include="ModuleLeaderboard.cpp">
      <Filter>Modules\Scenes</Filter>
    </ClCompile>
    <ClCompile Include="ModuleEndlevel.cpp">
      <Filter>Modules\Scenes</Filter>
    </ClCompile>
    <ClCompile Include="ModuleGameOver.cpp">
      <Filter>Modules\Scenes</Filter>
    </ClCompile>
    <ClCompile Include="ModuleObjects.cpp">
      <Filter>Modules\Objects</Filter>
    </ClCompile>
    <ClCompile Include="Object.cpp">
      <Filter>Modules\Objects</Filter>
    </ClCompile>
    <ClCompile Include="Object_Box.cpp">
      <Filter>Modules\Objects</Filter>
    </ClCompile>
    <ClCompile Include="Object_Powerup.cpp">
      <Filter>Modules\Objects</Filter>
    </ClCompile>
    <ClCompile Include="Object_SpecialBomb.cpp">
      <Filter>Modules\Objects</Filter>
    </ClCompile>
    <ClCompile Include="Object_Weapon.cpp">
      <Filter>Modules\Objects</Filter>
    </ClCompile>
    <ClCompile Include="ModuleLevel_3.cpp">
      <Filter>Modules\Scenes</Filter>
    </ClCompile>
    <ClCompile Include="Object_Energy.cpp">
      <Filter>Modules\Objects</Filter>
    </ClCompile>
    <ClCompile Include="Object_Box_Energy.cpp">
      <Filter>Modules\Objects</Filter>
    </ClCompile>
    <ClCompile Include="ModuleUI.cpp">
      <Filter>Modules</Filter>
    </ClCompile>
    <ClCompile Include="Enemy_Solider_Purple.cpp">
      <Filter>Modules\Enemies</Filter>
    </ClCompile>
    <ClCompile Include="Enemy_Right_Laser_Turret.cpp">
      <Filter>Modules\Enemies</Filter>
    </ClCompile>
    <ClCompile Include="Enemy_Left_Laser_Turret.cpp">
      <Filter>Modules\Enemies</Filter>
    </ClCompile>
    <ClCompile Include="Enemy_Shield_Tank.cpp">
      <Filter>Modules\Enemies</Filter>
    </ClCompile>
    <ClCompile Include="Enemy_HMM.cpp">
      <Filter>Modules\Enemies</Filter>
    </ClCompile>
    <ClCompile Include="Enemy_Yellow_Infantery.cpp">
      <Filter>Modules\Enemies</Filter>
    </ClCompile>
    <ClCompile Include="Enemy_Red_Infantery.cpp">
      <Filter>Modules\Enemies</Filter>
    </ClCompile>
    <ClCompile Include="Enemy_Boss_LvL3.cpp">
      <Filter>Modules\Enemies\Boss</Filter>
    </ClCompile>
    <ClCompile Include="Enemy_Boss_lvl3_Eye.cpp">
      <Filter>Modules\Enemies\Boss</Filter>
    </ClCompile>
    <ClCompile Include="Enemy_Boss_LvL3_Files.cpp">
      <Filter>Modules\Enemies\Boss</Filter>
    </ClCompile>
    <ClCompile Include="Enemy_Boss_lvl3_Left_laser.cpp">
      <Filter>Modules\Enemies\Boss</Filter>
    </ClCompile>
    <ClCompile Include="Enemy_Boss_LeftCable.cpp">
      <Filter>Modules\Enemies\Boss</Filter>
    </ClCompile>
    <ClCompile Include="Enemy_Boss_Left_Door.cpp">
      <Filter>Modules\Enemies\Boss</Filter>
    </ClCompile>
  </ItemGroup>
  <ItemGroup>
    <ClInclude Include="MemLeaks.h">
      <Filter>Core</Filter>
    </ClInclude>
    <ClInclude Include="Globals.h">
      <Filter>Core</Filter>
    </ClInclude>
    <ClInclude Include="ModuleWindow.h">
      <Filter>Modules</Filter>
    </ClInclude>
    <ClInclude Include="Module.h">
      <Filter>Modules</Filter>
    </ClInclude>
    <ClInclude Include="ModuleAudio.h">
      <Filter>Modules</Filter>
    </ClInclude>
    <ClInclude Include="ModuleFadeToBlack.h">
      <Filter>Modules</Filter>
    </ClInclude>
    <ClInclude Include="ModuleInput.h">
      <Filter>Modules</Filter>
    </ClInclude>
    <ClInclude Include="ModulePlayer.h">
      <Filter>Modules</Filter>
    </ClInclude>
    <ClInclude Include="ModuleRender.h">
      <Filter>Modules</Filter>
    </ClInclude>
    <ClInclude Include="ModuleTextures.h">
      <Filter>Modules</Filter>
    </ClInclude>
    <ClInclude Include="p2Point.h">
      <Filter>Containers</Filter>
    </ClInclude>
    <ClInclude Include="ModuleIntro.h">
      <Filter>Modules\Scenes</Filter>
    </ClInclude>
    <ClInclude Include="ModuleLevel_1.h">
      <Filter>Modules\Scenes</Filter>
    </ClInclude>
    <ClInclude Include="ModuleLevel_2.h">
      <Filter>Modules\Scenes</Filter>
    </ClInclude>
    <ClInclude Include="Application.h">
      <Filter>Core</Filter>
    </ClInclude>
    <ClInclude Include="ModuleParticles.h">
      <Filter>Modules</Filter>
    </ClInclude>
    <ClInclude Include="Animation.h">
      <Filter>Containers</Filter>
    </ClInclude>
    <ClInclude Include="ModuleCollider.h">
      <Filter>Modules</Filter>
    </ClInclude>
    <ClInclude Include="Enemy.h">
      <Filter>Modules\Enemies</Filter>
    </ClInclude>
    <ClInclude Include="ModuleEnemies.h">
      <Filter>Modules\Enemies</Filter>
    </ClInclude>
    <ClInclude Include="Enemy_Solider_Green.h">
      <Filter>Modules\Enemies</Filter>
    </ClInclude>
    <ClInclude Include="Path.h">
      <Filter>Containers</Filter>
    </ClInclude>
    <ClInclude Include="ModuleLeaderboard.h">
      <Filter>Modules\Scenes</Filter>
    </ClInclude>
    <ClInclude Include="ModuleEndlevel.h">
      <Filter>Modules\Scenes</Filter>
    </ClInclude>
    <ClInclude Include="ModuleGameOver.h">
      <Filter>Modules\Scenes</Filter>
    </ClInclude>
    <ClInclude Include="ModuleObjects.h">
      <Filter>Modules\Objects</Filter>
    </ClInclude>
    <ClInclude Include="Object.h">
      <Filter>Modules\Objects</Filter>
    </ClInclude>
    <ClInclude Include="Object_Box.h">
      <Filter>Modules\Objects</Filter>
    </ClInclude>
    <ClInclude Include="Object_Powerup.h">
      <Filter>Modules\Objects</Filter>
    </ClInclude>
    <ClInclude Include="Object_SpecialBomb.h">
      <Filter>Modules\Objects</Filter>
    </ClInclude>
    <ClInclude Include="Object_Weapon.h">
      <Filter>Modules\Objects</Filter>
    </ClInclude>
    <ClInclude Include="ModuleLevel_3.h">
      <Filter>Modules\Scenes</Filter>
    </ClInclude>
    <ClInclude Include="Object_Energy.h">
      <Filter>Modules\Objects</Filter>
    </ClInclude>
    <ClInclude Include="Object_Box_Energy.h">
      <Filter>Modules\Objects</Filter>
    </ClInclude>
    <ClInclude Include="ModuleUI.h">
      <Filter>Modules</Filter>
    </ClInclude>
    <ClInclude Include="Enemy_Solider_Purple.h">
      <Filter>Modules\Enemies</Filter>
    </ClInclude>
    <ClInclude Include="Enemy_Right_Laser_Turret.h">
      <Filter>Modules\Enemies</Filter>
    </ClInclude>
    <ClInclude Include="Enemy_Left_Laser_Turret.h">
      <Filter>Modules\Enemies</Filter>
    </ClInclude>
    <ClInclude Include="Enemy_Shield_Tank.h">
      <Filter>Modules\Enemies</Filter>
    </ClInclude>
    <ClInclude Include="Enemy_HMM.h">
      <Filter>Modules\Enemies</Filter>
    </ClInclude>
    <ClInclude Include="Enemy_Yellow_Infantery.h">
      <Filter>Modules\Enemies</Filter>
    </ClInclude>
    <ClInclude Include="Enemy_Red_Infantery.h">
      <Filter>Modules\Enemies</Filter>
    </ClInclude>
    <ClInclude Include="Enemy_Boss_LvL3.h">
      <Filter>Modules\Enemies\Boss</Filter>
    </ClInclude>
    <ClInclude Include="Enemy_boss_lvl3_Eye.h">
      <Filter>Modules\Enemies\Boss</Filter>
    </ClInclude>
    <ClInclude Include="Enemy_Boss_LvL3_Files.h">
      <Filter>Modules\Enemies\Boss</Filter>
    </ClInclude>
    <ClInclude Include="Enemy_Boss_lvl3_Left_laser.h">
      <Filter>Modules\Enemies\Boss</Filter>
    </ClInclude>
    <ClInclude Include="Enemy_Boss_LeftCable.h">
      <Filter>Modules\Enemies\Boss</Filter>
    </ClInclude>
    <ClInclude Include="Enemy_Boss_Left_Door.h">
      <Filter>Modules\Enemies\Boss</Filter>
    </ClInclude>
  </ItemGroup>
  <ItemGroup>
    <Filter Include="Core">
      <UniqueIdentifier>{602791bd-9b88-4868-a2c0-cd0c5c52ce0f}</UniqueIdentifier>
    </Filter>
    <Filter Include="Modules">
      <UniqueIdentifier>{2c961865-92b7-47c2-aca7-eff4e758782e}</UniqueIdentifier>
    </Filter>
    <Filter Include="Containers">
      <UniqueIdentifier>{b37b39cd-6088-4706-8a27-fdbd0b1930aa}</UniqueIdentifier>
    </Filter>
    <Filter Include="Modules\Scenes">
      <UniqueIdentifier>{fee47c62-5593-41ed-9ba5-d89a3770474c}</UniqueIdentifier>
    </Filter>
    <Filter Include="Modules\Enemies">
      <UniqueIdentifier>{859b360f-4d49-49fb-a317-d6edc9501225}</UniqueIdentifier>
    </Filter>
    <Filter Include="Modules\Objects">
      <UniqueIdentifier>{66b2db72-88c3-4218-928b-b9649b1c08d0}</UniqueIdentifier>
    </Filter>
    <Filter Include="Modules\Enemies\Boss">
      <UniqueIdentifier>{0df00216-0919-4071-a7d2-c4c014c04db7}</UniqueIdentifier>
    </Filter>
  </ItemGroup>
</Project>